
Microsoft Visual Studio Solution File, Format Version 11.00
# Visual Studio 2010
Project("{FAE04EC0-301F-11D3-BF4B-00C04F79EFBC}") = "UnRarIt", "UnRarIt\UnRarIt.csproj", "{C743A9DD-790D-44C0-82E8-14C3784F57FA}"
EndProject
Project("{54435603-DBB4-11D2-8724-00A0C9A8B90C}") = "Setup", "Setup\Setup.vdproj", "{AFA8C83D-3831-4B25-81B2-233BCCFACEA4}"
EndProject
Project("{FAE04EC0-301F-11D3-BF4B-00C04F79EFBC}") = "UnRarIt.Updater", "UnRarIt.Updater\UnRarIt.Updater.csproj", "{B79E24AD-1252-4C91-A197-7477D0A49149}"
EndProject
Project("{FAE04EC0-301F-11D3-BF4B-00C04F79EFBC}") = "UnRarIt.Archive", "UnRarIt.Archive\UnRarIt.Archive.csproj", "{AC3E5C73-BB39-41BA-9B96-CBC2F6680BE4}"
EndProject
Project("{FAE04EC0-301F-11D3-BF4B-00C04F79EFBC}") = "UnRarIt.Interop", "UnRarIt.Interop\UnRarIt.Interop.csproj", "{4B2856F5-9483-4757-BDE4-BFD04E2BB168}"
EndProject
Global
	GlobalSection(SolutionConfigurationPlatforms) = preSolution
		Debug|Any CPU = Debug|Any CPU
		Release|Any CPU = Release|Any CPU
	EndGlobalSection
	GlobalSection(ProjectConfigurationPlatforms) = postSolution
		{C743A9DD-790D-44C0-82E8-14C3784F57FA}.Debug|Any CPU.ActiveCfg = Debug|Any CPU
		{C743A9DD-790D-44C0-82E8-14C3784F57FA}.Debug|Any CPU.Build.0 = Debug|Any CPU
		{C743A9DD-790D-44C0-82E8-14C3784F57FA}.Release|Any CPU.ActiveCfg = Release|Any CPU
		{C743A9DD-790D-44C0-82E8-14C3784F57FA}.Release|Any CPU.Build.0 = Release|Any CPU
		{AFA8C83D-3831-4B25-81B2-233BCCFACEA4}.Debug|Any CPU.ActiveCfg = Debug
		{AFA8C83D-3831-4B25-81B2-233BCCFACEA4}.Release|Any CPU.ActiveCfg = Release
		{B79E24AD-1252-4C91-A197-7477D0A49149}.Debug|Any CPU.ActiveCfg = Debug|Any CPU
		{B79E24AD-1252-4C91-A197-7477D0A49149}.Debug|Any CPU.Build.0 = Debug|Any CPU
		{B79E24AD-1252-4C91-A197-7477D0A49149}.Release|Any CPU.ActiveCfg = Release|Any CPU
		{B79E24AD-1252-4C91-A197-7477D0A49149}.Release|Any CPU.Build.0 = Release|Any CPU
		{AC3E5C73-BB39-41BA-9B96-CBC2F6680BE4}.Debug|Any CPU.ActiveCfg = Debug|Any CPU
		{AC3E5C73-BB39-41BA-9B96-CBC2F6680BE4}.Debug|Any CPU.Build.0 = Debug|Any CPU
		{AC3E5C73-BB39-41BA-9B96-CBC2F6680BE4}.Release|Any CPU.ActiveCfg = Release|Any CPU
		{AC3E5C73-BB39-41BA-9B96-CBC2F6680BE4}.Release|Any CPU.Build.0 = Release|Any CPU
		{4B2856F5-9483-4757-BDE4-BFD04E2BB168}.Debug|Any CPU.ActiveCfg = Debug|Any CPU
		{4B2856F5-9483-4757-BDE4-BFD04E2BB168}.Debug|Any CPU.Build.0 = Debug|Any CPU
		{4B2856F5-9483-4757-BDE4-BFD04E2BB168}.Release|Any CPU.ActiveCfg = Release|Any CPU
		{4B2856F5-9483-4757-BDE4-BFD04E2BB168}.Release|Any CPU.Build.0 = Release|Any CPU
	EndGlobalSection
	GlobalSection(SolutionProperties) = preSolution
		HideSolutionNode = FALSE
	EndGlobalSection
EndGlobal
