
Microsoft Visual Studio Solution File, Format Version 10.00
# Visual Studio 2008
Project("{FAE04EC0-301F-11D3-BF4B-00C04F79EFBC}") = "UnRarIt", "UnRarIt\UnRarIt.csproj", "{C743A9DD-790D-44C0-82E8-14C3784F57FA}"
EndProject
Project("{FAE04EC0-301F-11D3-BF4B-00C04F79EFBC}") = "ICSharpCode.SharpZLib", "SharpZipLib\ICSharpCode.SharpZLib.csproj", "{0E7413FF-EB9E-4714-ACF2-BE3A6A7B2FFD}"
EndProject
Project("{54435603-DBB4-11D2-8724-00A0C9A8B90C}") = "Setup", "Setup\Setup.vdproj", "{AFA8C83D-3831-4B25-81B2-233BCCFACEA4}"
EndProject
Project("{FAE04EC0-301F-11D3-BF4B-00C04F79EFBC}") = "GetOptNet", "GetOptNet\GetOptNet.csproj", "{ABF98F9F-CF28-4242-9459-B10AAA00E305}"
EndProject
Global
	GlobalSection(SolutionConfigurationPlatforms) = preSolution
		Debug|Any CPU = Debug|Any CPU
		Release|Any CPU = Release|Any CPU
	EndGlobalSection
	GlobalSection(ProjectConfigurationPlatforms) = postSolution
		{C743A9DD-790D-44C0-82E8-14C3784F57FA}.Debug|Any CPU.ActiveCfg = Debug|Any CPU
		{C743A9DD-790D-44C0-82E8-14C3784F57FA}.Debug|Any CPU.Build.0 = Debug|Any CPU
		{C743A9DD-790D-44C0-82E8-14C3784F57FA}.Release|Any CPU.ActiveCfg = Release|Any CPU
		{C743A9DD-790D-44C0-82E8-14C3784F57FA}.Release|Any CPU.Build.0 = Release|Any CPU
		{0E7413FF-EB9E-4714-ACF2-BE3A6A7B2FFD}.Debug|Any CPU.ActiveCfg = Debug|Any CPU
		{0E7413FF-EB9E-4714-ACF2-BE3A6A7B2FFD}.Debug|Any CPU.Build.0 = Debug|Any CPU
		{0E7413FF-EB9E-4714-ACF2-BE3A6A7B2FFD}.Release|Any CPU.ActiveCfg = Release|Any CPU
		{0E7413FF-EB9E-4714-ACF2-BE3A6A7B2FFD}.Release|Any CPU.Build.0 = Release|Any CPU
		{AFA8C83D-3831-4B25-81B2-233BCCFACEA4}.Debug|Any CPU.ActiveCfg = Debug
		{AFA8C83D-3831-4B25-81B2-233BCCFACEA4}.Release|Any CPU.ActiveCfg = Release
		{AFA8C83D-3831-4B25-81B2-233BCCFACEA4}.Release|Any CPU.Build.0 = Release
		{ABF98F9F-CF28-4242-9459-B10AAA00E305}.Debug|Any CPU.ActiveCfg = Debug|Any CPU
		{ABF98F9F-CF28-4242-9459-B10AAA00E305}.Debug|Any CPU.Build.0 = Debug|Any CPU
		{ABF98F9F-CF28-4242-9459-B10AAA00E305}.Release|Any CPU.ActiveCfg = Release|Any CPU
		{ABF98F9F-CF28-4242-9459-B10AAA00E305}.Release|Any CPU.Build.0 = Release|Any CPU
	EndGlobalSection
	GlobalSection(SolutionProperties) = preSolution
		HideSolutionNode = FALSE
	EndGlobalSection
EndGlobal
