Microsoft Visual Studio Solution File, Format Version 10.00
# Visual Studio 2008
Project("{8BC9CEB8-8B4A-11D0-8D11-00A0C91BC942}") = "CPUFeatures", "CPUFeatures.vcproj", "{82BD1D92-FA64-40C9-941E-872AC5605870}"
EndProject
Global
	GlobalSection(SolutionConfigurationPlatforms) = preSolution
		Debug|Win32 = Debug|Win32
		Debug|x64 = Debug|x64
		Release|Win32 = Release|Win32
		Release|x64 = Release|x64
	EndGlobalSection
	GlobalSection(ProjectConfigurationPlatforms) = postSolution
		{82BD1D92-FA64-40C9-941E-872AC5605870}.Debug|Win32.ActiveCfg = Debug|Win32
		{82BD1D92-FA64-40C9-941E-872AC5605870}.Debug|Win32.Build.0 = Debug|Win32
		{82BD1D92-FA64-40C9-941E-872AC5605870}.Debug|x64.ActiveCfg = Debug|x64
		{82BD1D92-FA64-40C9-941E-872AC5605870}.Debug|x64.Build.0 = Debug|x64
		{82BD1D92-FA64-40C9-941E-872AC5605870}.Release|Win32.ActiveCfg = Release|Win32
		{82BD1D92-FA64-40C9-941E-872AC5605870}.Release|Win32.Build.0 = Release|Win32
		{82BD1D92-FA64-40C9-941E-872AC5605870}.Release|x64.ActiveCfg = Release|x64
		{82BD1D92-FA64-40C9-941E-872AC5605870}.Release|x64.Build.0 = Release|x64
	EndGlobalSection
	GlobalSection(SolutionProperties) = preSolution
		HideSolutionNode = FALSE
	EndGlobalSection
EndGlobal
